
Microsoft Visual Studio Solution File, Format Version 12.00
# Visual Studio 14
VisualStudioVersion = 14.0.25420.1
MinimumVisualStudioVersion = 10.0.40219.1
Project("{FAE04EC0-301F-11D3-BF4B-00C04F79EFBC}") = "Core", "Core\Core.csproj", "{C2024EE8-13BB-46EC-BCE0-64B8C5AF6A1C}"
EndProject
Project("{FAE04EC0-301F-11D3-BF4B-00C04F79EFBC}") = "IHMTest", "IHMTest\IHMTest.csproj", "{FA93AC2F-2603-4961-9499-BD42A8CD0A53}"
EndProject
Project("{FAE04EC0-301F-11D3-BF4B-00C04F79EFBC}") = "AccesAPI", "AccesAPI\AccesAPI.csproj", "{183A48A3-7F41-455D-8F42-D94AFCE16F19}"
EndProject
Project("{FAE04EC0-301F-11D3-BF4B-00C04F79EFBC}") = "PersistanceXML", "PersistanceXML\PersistanceXML.csproj", "{0043BC3F-C5EA-4C2F-8611-042D983DB535}"
EndProject
Global
	GlobalSection(SolutionConfigurationPlatforms) = preSolution
		Debug|Any CPU = Debug|Any CPU
		Debug|ARM = Debug|ARM
		Debug|x64 = Debug|x64
		Debug|x86 = Debug|x86
		Release|Any CPU = Release|Any CPU
		Release|ARM = Release|ARM
		Release|x64 = Release|x64
		Release|x86 = Release|x86
	EndGlobalSection
	GlobalSection(ProjectConfigurationPlatforms) = postSolution
		{C2024EE8-13BB-46EC-BCE0-64B8C5AF6A1C}.Debug|Any CPU.ActiveCfg = Debug|Any CPU
		{C2024EE8-13BB-46EC-BCE0-64B8C5AF6A1C}.Debug|Any CPU.Build.0 = Debug|Any CPU
		{C2024EE8-13BB-46EC-BCE0-64B8C5AF6A1C}.Debug|ARM.ActiveCfg = Debug|ARM
		{C2024EE8-13BB-46EC-BCE0-64B8C5AF6A1C}.Debug|ARM.Build.0 = Debug|ARM
		{C2024EE8-13BB-46EC-BCE0-64B8C5AF6A1C}.Debug|x64.ActiveCfg = Debug|x64
		{C2024EE8-13BB-46EC-BCE0-64B8C5AF6A1C}.Debug|x64.Build.0 = Debug|x64
		{C2024EE8-13BB-46EC-BCE0-64B8C5AF6A1C}.Debug|x86.ActiveCfg = Debug|x86
		{C2024EE8-13BB-46EC-BCE0-64B8C5AF6A1C}.Debug|x86.Build.0 = Debug|x86
		{C2024EE8-13BB-46EC-BCE0-64B8C5AF6A1C}.Release|Any CPU.ActiveCfg = Release|Any CPU
		{C2024EE8-13BB-46EC-BCE0-64B8C5AF6A1C}.Release|Any CPU.Build.0 = Release|Any CPU
		{C2024EE8-13BB-46EC-BCE0-64B8C5AF6A1C}.Release|ARM.ActiveCfg = Release|ARM
		{C2024EE8-13BB-46EC-BCE0-64B8C5AF6A1C}.Release|ARM.Build.0 = Release|ARM
		{C2024EE8-13BB-46EC-BCE0-64B8C5AF6A1C}.Release|x64.ActiveCfg = Release|x64
		{C2024EE8-13BB-46EC-BCE0-64B8C5AF6A1C}.Release|x64.Build.0 = Release|x64
		{C2024EE8-13BB-46EC-BCE0-64B8C5AF6A1C}.Release|x86.ActiveCfg = Release|x86
		{C2024EE8-13BB-46EC-BCE0-64B8C5AF6A1C}.Release|x86.Build.0 = Release|x86
		{FA93AC2F-2603-4961-9499-BD42A8CD0A53}.Debug|Any CPU.ActiveCfg = Debug|x86
		{FA93AC2F-2603-4961-9499-BD42A8CD0A53}.Debug|Any CPU.Build.0 = Debug|x86
		{FA93AC2F-2603-4961-9499-BD42A8CD0A53}.Debug|Any CPU.Deploy.0 = Debug|x86
		{FA93AC2F-2603-4961-9499-BD42A8CD0A53}.Debug|ARM.ActiveCfg = Debug|ARM
		{FA93AC2F-2603-4961-9499-BD42A8CD0A53}.Debug|ARM.Build.0 = Debug|ARM
		{FA93AC2F-2603-4961-9499-BD42A8CD0A53}.Debug|ARM.Deploy.0 = Debug|ARM
		{FA93AC2F-2603-4961-9499-BD42A8CD0A53}.Debug|x64.ActiveCfg = Debug|x64
		{FA93AC2F-2603-4961-9499-BD42A8CD0A53}.Debug|x64.Build.0 = Debug|x64
		{FA93AC2F-2603-4961-9499-BD42A8CD0A53}.Debug|x64.Deploy.0 = Debug|x64
		{FA93AC2F-2603-4961-9499-BD42A8CD0A53}.Debug|x86.ActiveCfg = Debug|x86
		{FA93AC2F-2603-4961-9499-BD42A8CD0A53}.Debug|x86.Build.0 = Debug|x86
		{FA93AC2F-2603-4961-9499-BD42A8CD0A53}.Debug|x86.Deploy.0 = Debug|x86
		{FA93AC2F-2603-4961-9499-BD42A8CD0A53}.Release|Any CPU.ActiveCfg = Release|x86
		{FA93AC2F-2603-4961-9499-BD42A8CD0A53}.Release|ARM.ActiveCfg = Release|ARM
		{FA93AC2F-2603-4961-9499-BD42A8CD0A53}.Release|ARM.Build.0 = Release|ARM
		{FA93AC2F-2603-4961-9499-BD42A8CD0A53}.Release|ARM.Deploy.0 = Release|ARM
		{FA93AC2F-2603-4961-9499-BD42A8CD0A53}.Release|x64.ActiveCfg = Release|x64
		{FA93AC2F-2603-4961-9499-BD42A8CD0A53}.Release|x64.Build.0 = Release|x64
		{FA93AC2F-2603-4961-9499-BD42A8CD0A53}.Release|x64.Deploy.0 = Release|x64
		{FA93AC2F-2603-4961-9499-BD42A8CD0A53}.Release|x86.ActiveCfg = Release|x86
		{FA93AC2F-2603-4961-9499-BD42A8CD0A53}.Release|x86.Build.0 = Release|x86
		{FA93AC2F-2603-4961-9499-BD42A8CD0A53}.Release|x86.Deploy.0 = Release|x86
		{183A48A3-7F41-455D-8F42-D94AFCE16F19}.Debug|Any CPU.ActiveCfg = Debug|Any CPU
		{183A48A3-7F41-455D-8F42-D94AFCE16F19}.Debug|Any CPU.Build.0 = Debug|Any CPU
		{183A48A3-7F41-455D-8F42-D94AFCE16F19}.Debug|ARM.ActiveCfg = Debug|ARM
		{183A48A3-7F41-455D-8F42-D94AFCE16F19}.Debug|ARM.Build.0 = Debug|ARM
		{183A48A3-7F41-455D-8F42-D94AFCE16F19}.Debug|x64.ActiveCfg = Debug|x64
		{183A48A3-7F41-455D-8F42-D94AFCE16F19}.Debug|x64.Build.0 = Debug|x64
		{183A48A3-7F41-455D-8F42-D94AFCE16F19}.Debug|x86.ActiveCfg = Debug|x86
		{183A48A3-7F41-455D-8F42-D94AFCE16F19}.Debug|x86.Build.0 = Debug|x86
		{183A48A3-7F41-455D-8F42-D94AFCE16F19}.Release|Any CPU.ActiveCfg = Release|Any CPU
		{183A48A3-7F41-455D-8F42-D94AFCE16F19}.Release|Any CPU.Build.0 = Release|Any CPU
		{183A48A3-7F41-455D-8F42-D94AFCE16F19}.Release|ARM.ActiveCfg = Release|ARM
		{183A48A3-7F41-455D-8F42-D94AFCE16F19}.Release|ARM.Build.0 = Release|ARM
		{183A48A3-7F41-455D-8F42-D94AFCE16F19}.Release|x64.ActiveCfg = Release|x64
		{183A48A3-7F41-455D-8F42-D94AFCE16F19}.Release|x64.Build.0 = Release|x64
		{183A48A3-7F41-455D-8F42-D94AFCE16F19}.Release|x86.ActiveCfg = Release|x86
		{183A48A3-7F41-455D-8F42-D94AFCE16F19}.Release|x86.Build.0 = Release|x86
		{0043BC3F-C5EA-4C2F-8611-042D983DB535}.Debug|Any CPU.ActiveCfg = Debug|Any CPU
		{0043BC3F-C5EA-4C2F-8611-042D983DB535}.Debug|Any CPU.Build.0 = Debug|Any CPU
		{0043BC3F-C5EA-4C2F-8611-042D983DB535}.Debug|ARM.ActiveCfg = Debug|ARM
		{0043BC3F-C5EA-4C2F-8611-042D983DB535}.Debug|ARM.Build.0 = Debug|ARM
		{0043BC3F-C5EA-4C2F-8611-042D983DB535}.Debug|x64.ActiveCfg = Debug|x64
		{0043BC3F-C5EA-4C2F-8611-042D983DB535}.Debug|x64.Build.0 = Debug|x64
		{0043BC3F-C5EA-4C2F-8611-042D983DB535}.Debug|x86.ActiveCfg = Debug|x86
		{0043BC3F-C5EA-4C2F-8611-042D983DB535}.Debug|x86.Build.0 = Debug|x86
		{0043BC3F-C5EA-4C2F-8611-042D983DB535}.Release|Any CPU.ActiveCfg = Release|Any CPU
		{0043BC3F-C5EA-4C2F-8611-042D983DB535}.Release|Any CPU.Build.0 = Release|Any CPU
		{0043BC3F-C5EA-4C2F-8611-042D983DB535}.Release|ARM.ActiveCfg = Release|ARM
		{0043BC3F-C5EA-4C2F-8611-042D983DB535}.Release|ARM.Build.0 = Release|ARM
		{0043BC3F-C5EA-4C2F-8611-042D983DB535}.Release|x64.ActiveCfg = Release|x64
		{0043BC3F-C5EA-4C2F-8611-042D983DB535}.Release|x64.Build.0 = Release|x64
		{0043BC3F-C5EA-4C2F-8611-042D983DB535}.Release|x86.ActiveCfg = Release|x86
		{0043BC3F-C5EA-4C2F-8611-042D983DB535}.Release|x86.Build.0 = Release|x86
	EndGlobalSection
	GlobalSection(SolutionProperties) = preSolution
		HideSolutionNode = FALSE
	EndGlobalSection
EndGlobal
