
Microsoft Visual Studio Solution File, Format Version 12.00
# Visual Studio 14
VisualStudioVersion = 14.0.25420.1
MinimumVisualStudioVersion = 10.0.40219.1
Project("{FAE04EC0-301F-11D3-BF4B-00C04F79EFBC}") = "LolGuide", "LolGuide\LolGuide\LolGuide.csproj", "{C68D51B1-C5C6-4F56-8D0D-4DA8F1394B52}"
EndProject
Project("{FAE04EC0-301F-11D3-BF4B-00C04F79EFBC}") = "LolGuide.Droid", "LolGuide\LolGuide.Droid\LolGuide.Droid.csproj", "{755D8ACC-692E-415D-9737-B861B625C01F}"
EndProject
Project("{FAE04EC0-301F-11D3-BF4B-00C04F79EFBC}") = "LolGuide.iOS", "LolGuide\LolGuide.iOS\LolGuide.iOS.csproj", "{7B8870E2-CA75-46D8-A615-6824A3D90BA7}"
EndProject
Project("{FAE04EC0-301F-11D3-BF4B-00C04F79EFBC}") = "LolGuide.WinPhone", "LolGuide\LolGuide.WinPhone\LolGuide.WinPhone.csproj", "{74FA6212-4953-4CE7-8BEA-04CDE6309289}"
EndProject
Project("{FAE04EC0-301F-11D3-BF4B-00C04F79EFBC}") = "LolGuide.UWP", "LolGuide\LolGuide.UWP\LolGuide.UWP.csproj", "{DA778622-43F8-4077-99A2-7D6195028EE5}"
EndProject
Project("{FAE04EC0-301F-11D3-BF4B-00C04F79EFBC}") = "LolGuide.Windows", "LolGuide\LolGuide.Windows\LolGuide.Windows.csproj", "{599EA3A5-AFC8-4913-A64A-EEE33CF6DC14}"
EndProject
Project("{FAE04EC0-301F-11D3-BF4B-00C04F79EFBC}") = "AccesAPI", "AccesAPI\AccesAPI\AccesAPI.csproj", "{260A9293-8A09-43B9-860C-2CB6FF31A586}"
EndProject
Project("{FAE04EC0-301F-11D3-BF4B-00C04F79EFBC}") = "Core", "Core\Core\Core.csproj", "{25B1E950-D0FA-4998-A3C8-9148985368FC}"
EndProject
Project("{FAE04EC0-301F-11D3-BF4B-00C04F79EFBC}") = "PersistanceXML", "PersistanceXML\PersistanceXML\PersistanceXML.csproj", "{D7DFBC73-27DA-4FC3-ACB0-F623112D307A}"
EndProject
Project("{FAE04EC0-301F-11D3-BF4B-00C04F79EFBC}") = "CoreViewModel", "CoreViewModel\CoreViewModel.csproj", "{67F9D3A8-F71E-4428-913F-C37AE82CDB24}"
EndProject
Global
	GlobalSection(SolutionConfigurationPlatforms) = preSolution
		Ad-Hoc|Any CPU = Ad-Hoc|Any CPU
		Ad-Hoc|ARM = Ad-Hoc|ARM
		Ad-Hoc|iPhone = Ad-Hoc|iPhone
		Ad-Hoc|iPhoneSimulator = Ad-Hoc|iPhoneSimulator
		Ad-Hoc|x64 = Ad-Hoc|x64
		Ad-Hoc|x86 = Ad-Hoc|x86
		AppStore|Any CPU = AppStore|Any CPU
		AppStore|ARM = AppStore|ARM
		AppStore|iPhone = AppStore|iPhone
		AppStore|iPhoneSimulator = AppStore|iPhoneSimulator
		AppStore|x64 = AppStore|x64
		AppStore|x86 = AppStore|x86
		Debug|Any CPU = Debug|Any CPU
		Debug|ARM = Debug|ARM
		Debug|iPhone = Debug|iPhone
		Debug|iPhoneSimulator = Debug|iPhoneSimulator
		Debug|x64 = Debug|x64
		Debug|x86 = Debug|x86
		Release|Any CPU = Release|Any CPU
		Release|ARM = Release|ARM
		Release|iPhone = Release|iPhone
		Release|iPhoneSimulator = Release|iPhoneSimulator
		Release|x64 = Release|x64
		Release|x86 = Release|x86
	EndGlobalSection
	GlobalSection(ProjectConfigurationPlatforms) = postSolution
		{C68D51B1-C5C6-4F56-8D0D-4DA8F1394B52}.Ad-Hoc|Any CPU.ActiveCfg = Release|Any CPU
		{C68D51B1-C5C6-4F56-8D0D-4DA8F1394B52}.Ad-Hoc|Any CPU.Build.0 = Release|Any CPU
		{C68D51B1-C5C6-4F56-8D0D-4DA8F1394B52}.Ad-Hoc|ARM.ActiveCfg = Release|Any CPU
		{C68D51B1-C5C6-4F56-8D0D-4DA8F1394B52}.Ad-Hoc|ARM.Build.0 = Release|Any CPU
		{C68D51B1-C5C6-4F56-8D0D-4DA8F1394B52}.Ad-Hoc|iPhone.ActiveCfg = Release|Any CPU
		{C68D51B1-C5C6-4F56-8D0D-4DA8F1394B52}.Ad-Hoc|iPhone.Build.0 = Release|Any CPU
		{C68D51B1-C5C6-4F56-8D0D-4DA8F1394B52}.Ad-Hoc|iPhoneSimulator.ActiveCfg = Release|Any CPU
		{C68D51B1-C5C6-4F56-8D0D-4DA8F1394B52}.Ad-Hoc|iPhoneSimulator.Build.0 = Release|Any CPU
		{C68D51B1-C5C6-4F56-8D0D-4DA8F1394B52}.Ad-Hoc|x64.ActiveCfg = Release|Any CPU
		{C68D51B1-C5C6-4F56-8D0D-4DA8F1394B52}.Ad-Hoc|x64.Build.0 = Release|Any CPU
		{C68D51B1-C5C6-4F56-8D0D-4DA8F1394B52}.Ad-Hoc|x86.ActiveCfg = Release|Any CPU
		{C68D51B1-C5C6-4F56-8D0D-4DA8F1394B52}.Ad-Hoc|x86.Build.0 = Release|Any CPU
		{C68D51B1-C5C6-4F56-8D0D-4DA8F1394B52}.AppStore|Any CPU.ActiveCfg = Release|Any CPU
		{C68D51B1-C5C6-4F56-8D0D-4DA8F1394B52}.AppStore|Any CPU.Build.0 = Release|Any CPU
		{C68D51B1-C5C6-4F56-8D0D-4DA8F1394B52}.AppStore|ARM.ActiveCfg = Release|Any CPU
		{C68D51B1-C5C6-4F56-8D0D-4DA8F1394B52}.AppStore|ARM.Build.0 = Release|Any CPU
		{C68D51B1-C5C6-4F56-8D0D-4DA8F1394B52}.AppStore|iPhone.ActiveCfg = Release|Any CPU
		{C68D51B1-C5C6-4F56-8D0D-4DA8F1394B52}.AppStore|iPhone.Build.0 = Release|Any CPU
		{C68D51B1-C5C6-4F56-8D0D-4DA8F1394B52}.AppStore|iPhoneSimulator.ActiveCfg = Release|Any CPU
		{C68D51B1-C5C6-4F56-8D0D-4DA8F1394B52}.AppStore|iPhoneSimulator.Build.0 = Release|Any CPU
		{C68D51B1-C5C6-4F56-8D0D-4DA8F1394B52}.AppStore|x64.ActiveCfg = Release|Any CPU
		{C68D51B1-C5C6-4F56-8D0D-4DA8F1394B52}.AppStore|x64.Build.0 = Release|Any CPU
		{C68D51B1-C5C6-4F56-8D0D-4DA8F1394B52}.AppStore|x86.ActiveCfg = Release|Any CPU
		{C68D51B1-C5C6-4F56-8D0D-4DA8F1394B52}.AppStore|x86.Build.0 = Release|Any CPU
		{C68D51B1-C5C6-4F56-8D0D-4DA8F1394B52}.Debug|Any CPU.ActiveCfg = Debug|Any CPU
		{C68D51B1-C5C6-4F56-8D0D-4DA8F1394B52}.Debug|Any CPU.Build.0 = Debug|Any CPU
		{C68D51B1-C5C6-4F56-8D0D-4DA8F1394B52}.Debug|ARM.ActiveCfg = Debug|Any CPU
		{C68D51B1-C5C6-4F56-8D0D-4DA8F1394B52}.Debug|ARM.Build.0 = Debug|Any CPU
		{C68D51B1-C5C6-4F56-8D0D-4DA8F1394B52}.Debug|iPhone.ActiveCfg = Debug|Any CPU
		{C68D51B1-C5C6-4F56-8D0D-4DA8F1394B52}.Debug|iPhone.Build.0 = Debug|Any CPU
		{C68D51B1-C5C6-4F56-8D0D-4DA8F1394B52}.Debug|iPhoneSimulator.ActiveCfg = Debug|Any CPU
		{C68D51B1-C5C6-4F56-8D0D-4DA8F1394B52}.Debug|iPhoneSimulator.Build.0 = Debug|Any CPU
		{C68D51B1-C5C6-4F56-8D0D-4DA8F1394B52}.Debug|x64.ActiveCfg = Debug|Any CPU
		{C68D51B1-C5C6-4F56-8D0D-4DA8F1394B52}.Debug|x64.Build.0 = Debug|Any CPU
		{C68D51B1-C5C6-4F56-8D0D-4DA8F1394B52}.Debug|x86.ActiveCfg = Debug|Any CPU
		{C68D51B1-C5C6-4F56-8D0D-4DA8F1394B52}.Debug|x86.Build.0 = Debug|Any CPU
		{C68D51B1-C5C6-4F56-8D0D-4DA8F1394B52}.Release|Any CPU.ActiveCfg = Release|Any CPU
		{C68D51B1-C5C6-4F56-8D0D-4DA8F1394B52}.Release|Any CPU.Build.0 = Release|Any CPU
		{C68D51B1-C5C6-4F56-8D0D-4DA8F1394B52}.Release|ARM.ActiveCfg = Release|Any CPU
		{C68D51B1-C5C6-4F56-8D0D-4DA8F1394B52}.Release|ARM.Build.0 = Release|Any CPU
		{C68D51B1-C5C6-4F56-8D0D-4DA8F1394B52}.Release|iPhone.ActiveCfg = Release|Any CPU
		{C68D51B1-C5C6-4F56-8D0D-4DA8F1394B52}.Release|iPhone.Build.0 = Release|Any CPU
		{C68D51B1-C5C6-4F56-8D0D-4DA8F1394B52}.Release|iPhoneSimulator.ActiveCfg = Release|Any CPU
		{C68D51B1-C5C6-4F56-8D0D-4DA8F1394B52}.Release|iPhoneSimulator.Build.0 = Release|Any CPU
		{C68D51B1-C5C6-4F56-8D0D-4DA8F1394B52}.Release|x64.ActiveCfg = Release|Any CPU
		{C68D51B1-C5C6-4F56-8D0D-4DA8F1394B52}.Release|x64.Build.0 = Release|Any CPU
		{C68D51B1-C5C6-4F56-8D0D-4DA8F1394B52}.Release|x86.ActiveCfg = Release|Any CPU
		{C68D51B1-C5C6-4F56-8D0D-4DA8F1394B52}.Release|x86.Build.0 = Release|Any CPU
		{755D8ACC-692E-415D-9737-B861B625C01F}.Ad-Hoc|Any CPU.ActiveCfg = Release|Any CPU
		{755D8ACC-692E-415D-9737-B861B625C01F}.Ad-Hoc|Any CPU.Build.0 = Release|Any CPU
		{755D8ACC-692E-415D-9737-B861B625C01F}.Ad-Hoc|Any CPU.Deploy.0 = Release|Any CPU
		{755D8ACC-692E-415D-9737-B861B625C01F}.Ad-Hoc|ARM.ActiveCfg = Release|Any CPU
		{755D8ACC-692E-415D-9737-B861B625C01F}.Ad-Hoc|ARM.Build.0 = Release|Any CPU
		{755D8ACC-692E-415D-9737-B861B625C01F}.Ad-Hoc|ARM.Deploy.0 = Release|Any CPU
		{755D8ACC-692E-415D-9737-B861B625C01F}.Ad-Hoc|iPhone.ActiveCfg = Release|Any CPU
		{755D8ACC-692E-415D-9737-B861B625C01F}.Ad-Hoc|iPhone.Build.0 = Release|Any CPU
		{755D8ACC-692E-415D-9737-B861B625C01F}.Ad-Hoc|iPhone.Deploy.0 = Release|Any CPU
		{755D8ACC-692E-415D-9737-B861B625C01F}.Ad-Hoc|iPhoneSimulator.ActiveCfg = Release|Any CPU
		{755D8ACC-692E-415D-9737-B861B625C01F}.Ad-Hoc|iPhoneSimulator.Build.0 = Release|Any CPU
		{755D8ACC-692E-415D-9737-B861B625C01F}.Ad-Hoc|iPhoneSimulator.Deploy.0 = Release|Any CPU
		{755D8ACC-692E-415D-9737-B861B625C01F}.Ad-Hoc|x64.ActiveCfg = Release|Any CPU
		{755D8ACC-692E-415D-9737-B861B625C01F}.Ad-Hoc|x64.Build.0 = Release|Any CPU
		{755D8ACC-692E-415D-9737-B861B625C01F}.Ad-Hoc|x64.Deploy.0 = Release|Any CPU
		{755D8ACC-692E-415D-9737-B861B625C01F}.Ad-Hoc|x86.ActiveCfg = Release|Any CPU
		{755D8ACC-692E-415D-9737-B861B625C01F}.Ad-Hoc|x86.Build.0 = Release|Any CPU
		{755D8ACC-692E-415D-9737-B861B625C01F}.Ad-Hoc|x86.Deploy.0 = Release|Any CPU
		{755D8ACC-692E-415D-9737-B861B625C01F}.AppStore|Any CPU.ActiveCfg = Release|Any CPU
		{755D8ACC-692E-415D-9737-B861B625C01F}.AppStore|Any CPU.Build.0 = Release|Any CPU
		{755D8ACC-692E-415D-9737-B861B625C01F}.AppStore|Any CPU.Deploy.0 = Release|Any CPU
		{755D8ACC-692E-415D-9737-B861B625C01F}.AppStore|ARM.ActiveCfg = Release|Any CPU
		{755D8ACC-692E-415D-9737-B861B625C01F}.AppStore|ARM.Build.0 = Release|Any CPU
		{755D8ACC-692E-415D-9737-B861B625C01F}.AppStore|ARM.Deploy.0 = Release|Any CPU
		{755D8ACC-692E-415D-9737-B861B625C01F}.AppStore|iPhone.ActiveCfg = Release|Any CPU
		{755D8ACC-692E-415D-9737-B861B625C01F}.AppStore|iPhone.Build.0 = Release|Any CPU
		{755D8ACC-692E-415D-9737-B861B625C01F}.AppStore|iPhone.Deploy.0 = Release|Any CPU
		{755D8ACC-692E-415D-9737-B861B625C01F}.AppStore|iPhoneSimulator.ActiveCfg = Release|Any CPU
		{755D8ACC-692E-415D-9737-B861B625C01F}.AppStore|iPhoneSimulator.Build.0 = Release|Any CPU
		{755D8ACC-692E-415D-9737-B861B625C01F}.AppStore|iPhoneSimulator.Deploy.0 = Release|Any CPU
		{755D8ACC-692E-415D-9737-B861B625C01F}.AppStore|x64.ActiveCfg = Release|Any CPU
		{755D8ACC-692E-415D-9737-B861B625C01F}.AppStore|x64.Build.0 = Release|Any CPU
		{755D8ACC-692E-415D-9737-B861B625C01F}.AppStore|x64.Deploy.0 = Release|Any CPU
		{755D8ACC-692E-415D-9737-B861B625C01F}.AppStore|x86.ActiveCfg = Release|Any CPU
		{755D8ACC-692E-415D-9737-B861B625C01F}.AppStore|x86.Build.0 = Release|Any CPU
		{755D8ACC-692E-415D-9737-B861B625C01F}.AppStore|x86.Deploy.0 = Release|Any CPU
		{755D8ACC-692E-415D-9737-B861B625C01F}.Debug|Any CPU.ActiveCfg = Debug|Any CPU
		{755D8ACC-692E-415D-9737-B861B625C01F}.Debug|Any CPU.Build.0 = Debug|Any CPU
		{755D8ACC-692E-415D-9737-B861B625C01F}.Debug|Any CPU.Deploy.0 = Debug|Any CPU
		{755D8ACC-692E-415D-9737-B861B625C01F}.Debug|ARM.ActiveCfg = Debug|Any CPU
		{755D8ACC-692E-415D-9737-B861B625C01F}.Debug|ARM.Build.0 = Debug|Any CPU
		{755D8ACC-692E-415D-9737-B861B625C01F}.Debug|ARM.Deploy.0 = Debug|Any CPU
		{755D8ACC-692E-415D-9737-B861B625C01F}.Debug|iPhone.ActiveCfg = Debug|Any CPU
		{755D8ACC-692E-415D-9737-B861B625C01F}.Debug|iPhone.Build.0 = Debug|Any CPU
		{755D8ACC-692E-415D-9737-B861B625C01F}.Debug|iPhone.Deploy.0 = Debug|Any CPU
		{755D8ACC-692E-415D-9737-B861B625C01F}.Debug|iPhoneSimulator.ActiveCfg = Debug|Any CPU
		{755D8ACC-692E-415D-9737-B861B625C01F}.Debug|iPhoneSimulator.Build.0 = Debug|Any CPU
		{755D8ACC-692E-415D-9737-B861B625C01F}.Debug|iPhoneSimulator.Deploy.0 = Debug|Any CPU
		{755D8ACC-692E-415D-9737-B861B625C01F}.Debug|x64.ActiveCfg = Debug|Any CPU
		{755D8ACC-692E-415D-9737-B861B625C01F}.Debug|x64.Build.0 = Debug|Any CPU
		{755D8ACC-692E-415D-9737-B861B625C01F}.Debug|x64.Deploy.0 = Debug|Any CPU
		{755D8ACC-692E-415D-9737-B861B625C01F}.Debug|x86.ActiveCfg = Debug|Any CPU
		{755D8ACC-692E-415D-9737-B861B625C01F}.Debug|x86.Build.0 = Debug|Any CPU
		{755D8ACC-692E-415D-9737-B861B625C01F}.Debug|x86.Deploy.0 = Debug|Any CPU
		{755D8ACC-692E-415D-9737-B861B625C01F}.Release|Any CPU.ActiveCfg = Release|Any CPU
		{755D8ACC-692E-415D-9737-B861B625C01F}.Release|Any CPU.Build.0 = Release|Any CPU
		{755D8ACC-692E-415D-9737-B861B625C01F}.Release|Any CPU.Deploy.0 = Release|Any CPU
		{755D8ACC-692E-415D-9737-B861B625C01F}.Release|ARM.ActiveCfg = Release|Any CPU
		{755D8ACC-692E-415D-9737-B861B625C01F}.Release|ARM.Build.0 = Release|Any CPU
		{755D8ACC-692E-415D-9737-B861B625C01F}.Release|ARM.Deploy.0 = Release|Any CPU
		{755D8ACC-692E-415D-9737-B861B625C01F}.Release|iPhone.ActiveCfg = Release|Any CPU
		{755D8ACC-692E-415D-9737-B861B625C01F}.Release|iPhone.Build.0 = Release|Any CPU
		{755D8ACC-692E-415D-9737-B861B625C01F}.Release|iPhone.Deploy.0 = Release|Any CPU
		{755D8ACC-692E-415D-9737-B861B625C01F}.Release|iPhoneSimulator.ActiveCfg = Release|Any CPU
		{755D8ACC-692E-415D-9737-B861B625C01F}.Release|iPhoneSimulator.Build.0 = Release|Any CPU
		{755D8ACC-692E-415D-9737-B861B625C01F}.Release|iPhoneSimulator.Deploy.0 = Release|Any CPU
		{755D8ACC-692E-415D-9737-B861B625C01F}.Release|x64.ActiveCfg = Release|Any CPU
		{755D8ACC-692E-415D-9737-B861B625C01F}.Release|x64.Build.0 = Release|Any CPU
		{755D8ACC-692E-415D-9737-B861B625C01F}.Release|x64.Deploy.0 = Release|Any CPU
		{755D8ACC-692E-415D-9737-B861B625C01F}.Release|x86.ActiveCfg = Release|Any CPU
		{755D8ACC-692E-415D-9737-B861B625C01F}.Release|x86.Build.0 = Release|Any CPU
		{755D8ACC-692E-415D-9737-B861B625C01F}.Release|x86.Deploy.0 = Release|Any CPU
		{7B8870E2-CA75-46D8-A615-6824A3D90BA7}.Ad-Hoc|Any CPU.ActiveCfg = Ad-Hoc|iPhone
		{7B8870E2-CA75-46D8-A615-6824A3D90BA7}.Ad-Hoc|ARM.ActiveCfg = Ad-Hoc|iPhone
		{7B8870E2-CA75-46D8-A615-6824A3D90BA7}.Ad-Hoc|iPhone.ActiveCfg = Ad-Hoc|iPhone
		{7B8870E2-CA75-46D8-A615-6824A3D90BA7}.Ad-Hoc|iPhone.Build.0 = Ad-Hoc|iPhone
		{7B8870E2-CA75-46D8-A615-6824A3D90BA7}.Ad-Hoc|iPhoneSimulator.ActiveCfg = Ad-Hoc|iPhoneSimulator
		{7B8870E2-CA75-46D8-A615-6824A3D90BA7}.Ad-Hoc|iPhoneSimulator.Build.0 = Ad-Hoc|iPhoneSimulator
		{7B8870E2-CA75-46D8-A615-6824A3D90BA7}.Ad-Hoc|x64.ActiveCfg = Ad-Hoc|iPhone
		{7B8870E2-CA75-46D8-A615-6824A3D90BA7}.Ad-Hoc|x86.ActiveCfg = Ad-Hoc|iPhone
		{7B8870E2-CA75-46D8-A615-6824A3D90BA7}.AppStore|Any CPU.ActiveCfg = AppStore|iPhone
		{7B8870E2-CA75-46D8-A615-6824A3D90BA7}.AppStore|ARM.ActiveCfg = AppStore|iPhone
		{7B8870E2-CA75-46D8-A615-6824A3D90BA7}.AppStore|iPhone.ActiveCfg = AppStore|iPhone
		{7B8870E2-CA75-46D8-A615-6824A3D90BA7}.AppStore|iPhone.Build.0 = AppStore|iPhone
		{7B8870E2-CA75-46D8-A615-6824A3D90BA7}.AppStore|iPhoneSimulator.ActiveCfg = AppStore|iPhoneSimulator
		{7B8870E2-CA75-46D8-A615-6824A3D90BA7}.AppStore|iPhoneSimulator.Build.0 = AppStore|iPhoneSimulator
		{7B8870E2-CA75-46D8-A615-6824A3D90BA7}.AppStore|x64.ActiveCfg = AppStore|iPhone
		{7B8870E2-CA75-46D8-A615-6824A3D90BA7}.AppStore|x86.ActiveCfg = AppStore|iPhone
		{7B8870E2-CA75-46D8-A615-6824A3D90BA7}.Debug|Any CPU.ActiveCfg = Debug|iPhone
		{7B8870E2-CA75-46D8-A615-6824A3D90BA7}.Debug|ARM.ActiveCfg = Debug|iPhone
		{7B8870E2-CA75-46D8-A615-6824A3D90BA7}.Debug|iPhone.ActiveCfg = Debug|iPhone
		{7B8870E2-CA75-46D8-A615-6824A3D90BA7}.Debug|iPhone.Build.0 = Debug|iPhone
		{7B8870E2-CA75-46D8-A615-6824A3D90BA7}.Debug|iPhoneSimulator.ActiveCfg = Debug|iPhoneSimulator
		{7B8870E2-CA75-46D8-A615-6824A3D90BA7}.Debug|iPhoneSimulator.Build.0 = Debug|iPhoneSimulator
		{7B8870E2-CA75-46D8-A615-6824A3D90BA7}.Debug|x64.ActiveCfg = Debug|iPhone
		{7B8870E2-CA75-46D8-A615-6824A3D90BA7}.Debug|x86.ActiveCfg = Debug|iPhone
		{7B8870E2-CA75-46D8-A615-6824A3D90BA7}.Release|Any CPU.ActiveCfg = Release|iPhone
		{7B8870E2-CA75-46D8-A615-6824A3D90BA7}.Release|ARM.ActiveCfg = Release|iPhone
		{7B8870E2-CA75-46D8-A615-6824A3D90BA7}.Release|iPhone.ActiveCfg = Release|iPhone
		{7B8870E2-CA75-46D8-A615-6824A3D90BA7}.Release|iPhone.Build.0 = Release|iPhone
		{7B8870E2-CA75-46D8-A615-6824A3D90BA7}.Release|iPhoneSimulator.ActiveCfg = Release|iPhoneSimulator
		{7B8870E2-CA75-46D8-A615-6824A3D90BA7}.Release|iPhoneSimulator.Build.0 = Release|iPhoneSimulator
		{7B8870E2-CA75-46D8-A615-6824A3D90BA7}.Release|x64.ActiveCfg = Release|iPhone
		{7B8870E2-CA75-46D8-A615-6824A3D90BA7}.Release|x86.ActiveCfg = Release|iPhone
		{74FA6212-4953-4CE7-8BEA-04CDE6309289}.Ad-Hoc|Any CPU.ActiveCfg = Release|Any CPU
		{74FA6212-4953-4CE7-8BEA-04CDE6309289}.Ad-Hoc|Any CPU.Build.0 = Release|Any CPU
		{74FA6212-4953-4CE7-8BEA-04CDE6309289}.Ad-Hoc|Any CPU.Deploy.0 = Release|Any CPU
		{74FA6212-4953-4CE7-8BEA-04CDE6309289}.Ad-Hoc|ARM.ActiveCfg = Release|ARM
		{74FA6212-4953-4CE7-8BEA-04CDE6309289}.Ad-Hoc|ARM.Build.0 = Release|ARM
		{74FA6212-4953-4CE7-8BEA-04CDE6309289}.Ad-Hoc|ARM.Deploy.0 = Release|ARM
		{74FA6212-4953-4CE7-8BEA-04CDE6309289}.Ad-Hoc|iPhone.ActiveCfg = Release|Any CPU
		{74FA6212-4953-4CE7-8BEA-04CDE6309289}.Ad-Hoc|iPhone.Build.0 = Release|Any CPU
		{74FA6212-4953-4CE7-8BEA-04CDE6309289}.Ad-Hoc|iPhone.Deploy.0 = Release|Any CPU
		{74FA6212-4953-4CE7-8BEA-04CDE6309289}.Ad-Hoc|iPhoneSimulator.ActiveCfg = Release|Any CPU
		{74FA6212-4953-4CE7-8BEA-04CDE6309289}.Ad-Hoc|iPhoneSimulator.Build.0 = Release|Any CPU
		{74FA6212-4953-4CE7-8BEA-04CDE6309289}.Ad-Hoc|iPhoneSimulator.Deploy.0 = Release|Any CPU
		{74FA6212-4953-4CE7-8BEA-04CDE6309289}.Ad-Hoc|x64.ActiveCfg = Release|Any CPU
		{74FA6212-4953-4CE7-8BEA-04CDE6309289}.Ad-Hoc|x64.Build.0 = Release|Any CPU
		{74FA6212-4953-4CE7-8BEA-04CDE6309289}.Ad-Hoc|x64.Deploy.0 = Release|Any CPU
		{74FA6212-4953-4CE7-8BEA-04CDE6309289}.Ad-Hoc|x86.ActiveCfg = Release|x86
		{74FA6212-4953-4CE7-8BEA-04CDE6309289}.Ad-Hoc|x86.Build.0 = Release|x86
		{74FA6212-4953-4CE7-8BEA-04CDE6309289}.Ad-Hoc|x86.Deploy.0 = Release|x86
		{74FA6212-4953-4CE7-8BEA-04CDE6309289}.AppStore|Any CPU.ActiveCfg = Release|Any CPU
		{74FA6212-4953-4CE7-8BEA-04CDE6309289}.AppStore|Any CPU.Build.0 = Release|Any CPU
		{74FA6212-4953-4CE7-8BEA-04CDE6309289}.AppStore|Any CPU.Deploy.0 = Release|Any CPU
		{74FA6212-4953-4CE7-8BEA-04CDE6309289}.AppStore|ARM.ActiveCfg = Release|ARM
		{74FA6212-4953-4CE7-8BEA-04CDE6309289}.AppStore|ARM.Build.0 = Release|ARM
		{74FA6212-4953-4CE7-8BEA-04CDE6309289}.AppStore|ARM.Deploy.0 = Release|ARM
		{74FA6212-4953-4CE7-8BEA-04CDE6309289}.AppStore|iPhone.ActiveCfg = Release|Any CPU
		{74FA6212-4953-4CE7-8BEA-04CDE6309289}.AppStore|iPhone.Build.0 = Release|Any CPU
		{74FA6212-4953-4CE7-8BEA-04CDE6309289}.AppStore|iPhone.Deploy.0 = Release|Any CPU
		{74FA6212-4953-4CE7-8BEA-04CDE6309289}.AppStore|iPhoneSimulator.ActiveCfg = Release|Any CPU
		{74FA6212-4953-4CE7-8BEA-04CDE6309289}.AppStore|iPhoneSimulator.Build.0 = Release|Any CPU
		{74FA6212-4953-4CE7-8BEA-04CDE6309289}.AppStore|iPhoneSimulator.Deploy.0 = Release|Any CPU
		{74FA6212-4953-4CE7-8BEA-04CDE6309289}.AppStore|x64.ActiveCfg = Release|Any CPU
		{74FA6212-4953-4CE7-8BEA-04CDE6309289}.AppStore|x64.Build.0 = Release|Any CPU
		{74FA6212-4953-4CE7-8BEA-04CDE6309289}.AppStore|x64.Deploy.0 = Release|Any CPU
		{74FA6212-4953-4CE7-8BEA-04CDE6309289}.AppStore|x86.ActiveCfg = Release|x86
		{74FA6212-4953-4CE7-8BEA-04CDE6309289}.AppStore|x86.Build.0 = Release|x86
		{74FA6212-4953-4CE7-8BEA-04CDE6309289}.AppStore|x86.Deploy.0 = Release|x86
		{74FA6212-4953-4CE7-8BEA-04CDE6309289}.Debug|Any CPU.ActiveCfg = Debug|Any CPU
		{74FA6212-4953-4CE7-8BEA-04CDE6309289}.Debug|Any CPU.Build.0 = Debug|Any CPU
		{74FA6212-4953-4CE7-8BEA-04CDE6309289}.Debug|Any CPU.Deploy.0 = Debug|Any CPU
		{74FA6212-4953-4CE7-8BEA-04CDE6309289}.Debug|ARM.ActiveCfg = Debug|ARM
		{74FA6212-4953-4CE7-8BEA-04CDE6309289}.Debug|ARM.Build.0 = Debug|ARM
		{74FA6212-4953-4CE7-8BEA-04CDE6309289}.Debug|ARM.Deploy.0 = Debug|ARM
		{74FA6212-4953-4CE7-8BEA-04CDE6309289}.Debug|iPhone.ActiveCfg = Debug|Any CPU
		{74FA6212-4953-4CE7-8BEA-04CDE6309289}.Debug|iPhone.Build.0 = Debug|Any CPU
		{74FA6212-4953-4CE7-8BEA-04CDE6309289}.Debug|iPhone.Deploy.0 = Debug|Any CPU
		{74FA6212-4953-4CE7-8BEA-04CDE6309289}.Debug|iPhoneSimulator.ActiveCfg = Debug|Any CPU
		{74FA6212-4953-4CE7-8BEA-04CDE6309289}.Debug|iPhoneSimulator.Build.0 = Debug|Any CPU
		{74FA6212-4953-4CE7-8BEA-04CDE6309289}.Debug|iPhoneSimulator.Deploy.0 = Debug|Any CPU
		{74FA6212-4953-4CE7-8BEA-04CDE6309289}.Debug|x64.ActiveCfg = Debug|Any CPU
		{74FA6212-4953-4CE7-8BEA-04CDE6309289}.Debug|x64.Build.0 = Debug|Any CPU
		{74FA6212-4953-4CE7-8BEA-04CDE6309289}.Debug|x64.Deploy.0 = Debug|Any CPU
		{74FA6212-4953-4CE7-8BEA-04CDE6309289}.Debug|x86.ActiveCfg = Debug|x86
		{74FA6212-4953-4CE7-8BEA-04CDE6309289}.Debug|x86.Build.0 = Debug|x86
		{74FA6212-4953-4CE7-8BEA-04CDE6309289}.Debug|x86.Deploy.0 = Debug|x86
		{74FA6212-4953-4CE7-8BEA-04CDE6309289}.Release|Any CPU.ActiveCfg = Release|Any CPU
		{74FA6212-4953-4CE7-8BEA-04CDE6309289}.Release|Any CPU.Build.0 = Release|Any CPU
		{74FA6212-4953-4CE7-8BEA-04CDE6309289}.Release|Any CPU.Deploy.0 = Release|Any CPU
		{74FA6212-4953-4CE7-8BEA-04CDE6309289}.Release|ARM.ActiveCfg = Release|ARM
		{74FA6212-4953-4CE7-8BEA-04CDE6309289}.Release|ARM.Build.0 = Release|ARM
		{74FA6212-4953-4CE7-8BEA-04CDE6309289}.Release|ARM.Deploy.0 = Release|ARM
		{74FA6212-4953-4CE7-8BEA-04CDE6309289}.Release|iPhone.ActiveCfg = Release|Any CPU
		{74FA6212-4953-4CE7-8BEA-04CDE6309289}.Release|iPhone.Build.0 = Release|Any CPU
		{74FA6212-4953-4CE7-8BEA-04CDE6309289}.Release|iPhone.Deploy.0 = Release|Any CPU
		{74FA6212-4953-4CE7-8BEA-04CDE6309289}.Release|iPhoneSimulator.ActiveCfg = Release|Any CPU
		{74FA6212-4953-4CE7-8BEA-04CDE6309289}.Release|iPhoneSimulator.Build.0 = Release|Any CPU
		{74FA6212-4953-4CE7-8BEA-04CDE6309289}.Release|iPhoneSimulator.Deploy.0 = Release|Any CPU
		{74FA6212-4953-4CE7-8BEA-04CDE6309289}.Release|x64.ActiveCfg = Release|Any CPU
		{74FA6212-4953-4CE7-8BEA-04CDE6309289}.Release|x64.Build.0 = Release|Any CPU
		{74FA6212-4953-4CE7-8BEA-04CDE6309289}.Release|x64.Deploy.0 = Release|Any CPU
		{74FA6212-4953-4CE7-8BEA-04CDE6309289}.Release|x86.ActiveCfg = Release|x86
		{74FA6212-4953-4CE7-8BEA-04CDE6309289}.Release|x86.Build.0 = Release|x86
		{74FA6212-4953-4CE7-8BEA-04CDE6309289}.Release|x86.Deploy.0 = Release|x86
		{DA778622-43F8-4077-99A2-7D6195028EE5}.Ad-Hoc|Any CPU.ActiveCfg = Release|x86
		{DA778622-43F8-4077-99A2-7D6195028EE5}.Ad-Hoc|Any CPU.Build.0 = Release|x86
		{DA778622-43F8-4077-99A2-7D6195028EE5}.Ad-Hoc|Any CPU.Deploy.0 = Release|x86
		{DA778622-43F8-4077-99A2-7D6195028EE5}.Ad-Hoc|ARM.ActiveCfg = Release|ARM
		{DA778622-43F8-4077-99A2-7D6195028EE5}.Ad-Hoc|ARM.Build.0 = Release|ARM
		{DA778622-43F8-4077-99A2-7D6195028EE5}.Ad-Hoc|ARM.Deploy.0 = Release|ARM
		{DA778622-43F8-4077-99A2-7D6195028EE5}.Ad-Hoc|iPhone.ActiveCfg = Release|x86
		{DA778622-43F8-4077-99A2-7D6195028EE5}.Ad-Hoc|iPhone.Build.0 = Release|x86
		{DA778622-43F8-4077-99A2-7D6195028EE5}.Ad-Hoc|iPhone.Deploy.0 = Release|x86
		{DA778622-43F8-4077-99A2-7D6195028EE5}.Ad-Hoc|iPhoneSimulator.ActiveCfg = Release|x86
		{DA778622-43F8-4077-99A2-7D6195028EE5}.Ad-Hoc|iPhoneSimulator.Build.0 = Release|x86
		{DA778622-43F8-4077-99A2-7D6195028EE5}.Ad-Hoc|iPhoneSimulator.Deploy.0 = Release|x86
		{DA778622-43F8-4077-99A2-7D6195028EE5}.Ad-Hoc|x64.ActiveCfg = Release|x64
		{DA778622-43F8-4077-99A2-7D6195028EE5}.Ad-Hoc|x64.Build.0 = Release|x64
		{DA778622-43F8-4077-99A2-7D6195028EE5}.Ad-Hoc|x64.Deploy.0 = Release|x64
		{DA778622-43F8-4077-99A2-7D6195028EE5}.Ad-Hoc|x86.ActiveCfg = Release|x86
		{DA778622-43F8-4077-99A2-7D6195028EE5}.Ad-Hoc|x86.Build.0 = Release|x86
		{DA778622-43F8-4077-99A2-7D6195028EE5}.Ad-Hoc|x86.Deploy.0 = Release|x86
		{DA778622-43F8-4077-99A2-7D6195028EE5}.AppStore|Any CPU.ActiveCfg = Release|x86
		{DA778622-43F8-4077-99A2-7D6195028EE5}.AppStore|Any CPU.Build.0 = Release|x86
		{DA778622-43F8-4077-99A2-7D6195028EE5}.AppStore|Any CPU.Deploy.0 = Release|x86
		{DA778622-43F8-4077-99A2-7D6195028EE5}.AppStore|ARM.ActiveCfg = Release|ARM
		{DA778622-43F8-4077-99A2-7D6195028EE5}.AppStore|ARM.Build.0 = Release|ARM
		{DA778622-43F8-4077-99A2-7D6195028EE5}.AppStore|ARM.Deploy.0 = Release|ARM
		{DA778622-43F8-4077-99A2-7D6195028EE5}.AppStore|iPhone.ActiveCfg = Release|x86
		{DA778622-43F8-4077-99A2-7D6195028EE5}.AppStore|iPhone.Build.0 = Release|x86
		{DA778622-43F8-4077-99A2-7D6195028EE5}.AppStore|iPhone.Deploy.0 = Release|x86
		{DA778622-43F8-4077-99A2-7D6195028EE5}.AppStore|iPhoneSimulator.ActiveCfg = Release|x86
		{DA778622-43F8-4077-99A2-7D6195028EE5}.AppStore|iPhoneSimulator.Build.0 = Release|x86
		{DA778622-43F8-4077-99A2-7D6195028EE5}.AppStore|iPhoneSimulator.Deploy.0 = Release|x86
		{DA778622-43F8-4077-99A2-7D6195028EE5}.AppStore|x64.ActiveCfg = Release|x64
		{DA778622-43F8-4077-99A2-7D6195028EE5}.AppStore|x64.Build.0 = Release|x64
		{DA778622-43F8-4077-99A2-7D6195028EE5}.AppStore|x64.Deploy.0 = Release|x64
		{DA778622-43F8-4077-99A2-7D6195028EE5}.AppStore|x86.ActiveCfg = Release|x86
		{DA778622-43F8-4077-99A2-7D6195028EE5}.AppStore|x86.Build.0 = Release|x86
		{DA778622-43F8-4077-99A2-7D6195028EE5}.AppStore|x86.Deploy.0 = Release|x86
		{DA778622-43F8-4077-99A2-7D6195028EE5}.Debug|Any CPU.ActiveCfg = Debug|x86
		{DA778622-43F8-4077-99A2-7D6195028EE5}.Debug|ARM.ActiveCfg = Debug|ARM
		{DA778622-43F8-4077-99A2-7D6195028EE5}.Debug|ARM.Build.0 = Debug|ARM
		{DA778622-43F8-4077-99A2-7D6195028EE5}.Debug|ARM.Deploy.0 = Debug|ARM
		{DA778622-43F8-4077-99A2-7D6195028EE5}.Debug|iPhone.ActiveCfg = Debug|x86
		{DA778622-43F8-4077-99A2-7D6195028EE5}.Debug|iPhoneSimulator.ActiveCfg = Debug|x86
		{DA778622-43F8-4077-99A2-7D6195028EE5}.Debug|x64.ActiveCfg = Debug|x64
		{DA778622-43F8-4077-99A2-7D6195028EE5}.Debug|x64.Build.0 = Debug|x64
		{DA778622-43F8-4077-99A2-7D6195028EE5}.Debug|x64.Deploy.0 = Debug|x64
		{DA778622-43F8-4077-99A2-7D6195028EE5}.Debug|x86.ActiveCfg = Debug|x86
		{DA778622-43F8-4077-99A2-7D6195028EE5}.Debug|x86.Build.0 = Debug|x86
		{DA778622-43F8-4077-99A2-7D6195028EE5}.Debug|x86.Deploy.0 = Debug|x86
		{DA778622-43F8-4077-99A2-7D6195028EE5}.Release|Any CPU.ActiveCfg = Release|x86
		{DA778622-43F8-4077-99A2-7D6195028EE5}.Release|ARM.ActiveCfg = Release|ARM
		{DA778622-43F8-4077-99A2-7D6195028EE5}.Release|ARM.Build.0 = Release|ARM
		{DA778622-43F8-4077-99A2-7D6195028EE5}.Release|ARM.Deploy.0 = Release|ARM
		{DA778622-43F8-4077-99A2-7D6195028EE5}.Release|iPhone.ActiveCfg = Release|x86
		{DA778622-43F8-4077-99A2-7D6195028EE5}.Release|iPhoneSimulator.ActiveCfg = Release|x86
		{DA778622-43F8-4077-99A2-7D6195028EE5}.Release|x64.ActiveCfg = Release|x64
		{DA778622-43F8-4077-99A2-7D6195028EE5}.Release|x64.Build.0 = Release|x64
		{DA778622-43F8-4077-99A2-7D6195028EE5}.Release|x64.Deploy.0 = Release|x64
		{DA778622-43F8-4077-99A2-7D6195028EE5}.Release|x86.ActiveCfg = Release|x86
		{DA778622-43F8-4077-99A2-7D6195028EE5}.Release|x86.Build.0 = Release|x86
		{DA778622-43F8-4077-99A2-7D6195028EE5}.Release|x86.Deploy.0 = Release|x86
		{599EA3A5-AFC8-4913-A64A-EEE33CF6DC14}.Ad-Hoc|Any CPU.ActiveCfg = Release|Any CPU
		{599EA3A5-AFC8-4913-A64A-EEE33CF6DC14}.Ad-Hoc|Any CPU.Build.0 = Release|Any CPU
		{599EA3A5-AFC8-4913-A64A-EEE33CF6DC14}.Ad-Hoc|Any CPU.Deploy.0 = Release|Any CPU
		{599EA3A5-AFC8-4913-A64A-EEE33CF6DC14}.Ad-Hoc|ARM.ActiveCfg = Release|ARM
		{599EA3A5-AFC8-4913-A64A-EEE33CF6DC14}.Ad-Hoc|ARM.Build.0 = Release|ARM
		{599EA3A5-AFC8-4913-A64A-EEE33CF6DC14}.Ad-Hoc|ARM.Deploy.0 = Release|ARM
		{599EA3A5-AFC8-4913-A64A-EEE33CF6DC14}.Ad-Hoc|iPhone.ActiveCfg = Release|Any CPU
		{599EA3A5-AFC8-4913-A64A-EEE33CF6DC14}.Ad-Hoc|iPhone.Build.0 = Release|Any CPU
		{599EA3A5-AFC8-4913-A64A-EEE33CF6DC14}.Ad-Hoc|iPhone.Deploy.0 = Release|Any CPU
		{599EA3A5-AFC8-4913-A64A-EEE33CF6DC14}.Ad-Hoc|iPhoneSimulator.ActiveCfg = Release|Any CPU
		{599EA3A5-AFC8-4913-A64A-EEE33CF6DC14}.Ad-Hoc|iPhoneSimulator.Build.0 = Release|Any CPU
		{599EA3A5-AFC8-4913-A64A-EEE33CF6DC14}.Ad-Hoc|iPhoneSimulator.Deploy.0 = Release|Any CPU
		{599EA3A5-AFC8-4913-A64A-EEE33CF6DC14}.Ad-Hoc|x64.ActiveCfg = Release|x64
		{599EA3A5-AFC8-4913-A64A-EEE33CF6DC14}.Ad-Hoc|x64.Build.0 = Release|x64
		{599EA3A5-AFC8-4913-A64A-EEE33CF6DC14}.Ad-Hoc|x64.Deploy.0 = Release|x64
		{599EA3A5-AFC8-4913-A64A-EEE33CF6DC14}.Ad-Hoc|x86.ActiveCfg = Release|x86
		{599EA3A5-AFC8-4913-A64A-EEE33CF6DC14}.Ad-Hoc|x86.Build.0 = Release|x86
		{599EA3A5-AFC8-4913-A64A-EEE33CF6DC14}.Ad-Hoc|x86.Deploy.0 = Release|x86
		{599EA3A5-AFC8-4913-A64A-EEE33CF6DC14}.AppStore|Any CPU.ActiveCfg = Release|Any CPU
		{599EA3A5-AFC8-4913-A64A-EEE33CF6DC14}.AppStore|Any CPU.Build.0 = Release|Any CPU
		{599EA3A5-AFC8-4913-A64A-EEE33CF6DC14}.AppStore|Any CPU.Deploy.0 = Release|Any CPU
		{599EA3A5-AFC8-4913-A64A-EEE33CF6DC14}.AppStore|ARM.ActiveCfg = Release|ARM
		{599EA3A5-AFC8-4913-A64A-EEE33CF6DC14}.AppStore|ARM.Build.0 = Release|ARM
		{599EA3A5-AFC8-4913-A64A-EEE33CF6DC14}.AppStore|ARM.Deploy.0 = Release|ARM
		{599EA3A5-AFC8-4913-A64A-EEE33CF6DC14}.AppStore|iPhone.ActiveCfg = Release|Any CPU
		{599EA3A5-AFC8-4913-A64A-EEE33CF6DC14}.AppStore|iPhone.Build.0 = Release|Any CPU
		{599EA3A5-AFC8-4913-A64A-EEE33CF6DC14}.AppStore|iPhone.Deploy.0 = Release|Any CPU
		{599EA3A5-AFC8-4913-A64A-EEE33CF6DC14}.AppStore|iPhoneSimulator.ActiveCfg = Release|Any CPU
		{599EA3A5-AFC8-4913-A64A-EEE33CF6DC14}.AppStore|iPhoneSimulator.Build.0 = Release|Any CPU
		{599EA3A5-AFC8-4913-A64A-EEE33CF6DC14}.AppStore|iPhoneSimulator.Deploy.0 = Release|Any CPU
		{599EA3A5-AFC8-4913-A64A-EEE33CF6DC14}.AppStore|x64.ActiveCfg = Release|x64
		{599EA3A5-AFC8-4913-A64A-EEE33CF6DC14}.AppStore|x64.Build.0 = Release|x64
		{599EA3A5-AFC8-4913-A64A-EEE33CF6DC14}.AppStore|x64.Deploy.0 = Release|x64
		{599EA3A5-AFC8-4913-A64A-EEE33CF6DC14}.AppStore|x86.ActiveCfg = Release|x86
		{599EA3A5-AFC8-4913-A64A-EEE33CF6DC14}.AppStore|x86.Build.0 = Release|x86
		{599EA3A5-AFC8-4913-A64A-EEE33CF6DC14}.AppStore|x86.Deploy.0 = Release|x86
		{599EA3A5-AFC8-4913-A64A-EEE33CF6DC14}.Debug|Any CPU.ActiveCfg = Debug|Any CPU
		{599EA3A5-AFC8-4913-A64A-EEE33CF6DC14}.Debug|Any CPU.Build.0 = Debug|Any CPU
		{599EA3A5-AFC8-4913-A64A-EEE33CF6DC14}.Debug|Any CPU.Deploy.0 = Debug|Any CPU
		{599EA3A5-AFC8-4913-A64A-EEE33CF6DC14}.Debug|ARM.ActiveCfg = Debug|ARM
		{599EA3A5-AFC8-4913-A64A-EEE33CF6DC14}.Debug|ARM.Build.0 = Debug|ARM
		{599EA3A5-AFC8-4913-A64A-EEE33CF6DC14}.Debug|ARM.Deploy.0 = Debug|ARM
		{599EA3A5-AFC8-4913-A64A-EEE33CF6DC14}.Debug|iPhone.ActiveCfg = Debug|Any CPU
		{599EA3A5-AFC8-4913-A64A-EEE33CF6DC14}.Debug|iPhone.Build.0 = Debug|Any CPU
		{599EA3A5-AFC8-4913-A64A-EEE33CF6DC14}.Debug|iPhone.Deploy.0 = Debug|Any CPU
		{599EA3A5-AFC8-4913-A64A-EEE33CF6DC14}.Debug|iPhoneSimulator.ActiveCfg = Debug|Any CPU
		{599EA3A5-AFC8-4913-A64A-EEE33CF6DC14}.Debug|iPhoneSimulator.Build.0 = Debug|Any CPU
		{599EA3A5-AFC8-4913-A64A-EEE33CF6DC14}.Debug|iPhoneSimulator.Deploy.0 = Debug|Any CPU
		{599EA3A5-AFC8-4913-A64A-EEE33CF6DC14}.Debug|x64.ActiveCfg = Debug|x64
		{599EA3A5-AFC8-4913-A64A-EEE33CF6DC14}.Debug|x64.Build.0 = Debug|x64
		{599EA3A5-AFC8-4913-A64A-EEE33CF6DC14}.Debug|x64.Deploy.0 = Debug|x64
		{599EA3A5-AFC8-4913-A64A-EEE33CF6DC14}.Debug|x86.ActiveCfg = Debug|x86
		{599EA3A5-AFC8-4913-A64A-EEE33CF6DC14}.Debug|x86.Build.0 = Debug|x86
		{599EA3A5-AFC8-4913-A64A-EEE33CF6DC14}.Debug|x86.Deploy.0 = Debug|x86
		{599EA3A5-AFC8-4913-A64A-EEE33CF6DC14}.Release|Any CPU.ActiveCfg = Release|Any CPU
		{599EA3A5-AFC8-4913-A64A-EEE33CF6DC14}.Release|Any CPU.Build.0 = Release|Any CPU
		{599EA3A5-AFC8-4913-A64A-EEE33CF6DC14}.Release|Any CPU.Deploy.0 = Release|Any CPU
		{599EA3A5-AFC8-4913-A64A-EEE33CF6DC14}.Release|ARM.ActiveCfg = Release|ARM
		{599EA3A5-AFC8-4913-A64A-EEE33CF6DC14}.Release|ARM.Build.0 = Release|ARM
		{599EA3A5-AFC8-4913-A64A-EEE33CF6DC14}.Release|ARM.Deploy.0 = Release|ARM
		{599EA3A5-AFC8-4913-A64A-EEE33CF6DC14}.Release|iPhone.ActiveCfg = Release|Any CPU
		{599EA3A5-AFC8-4913-A64A-EEE33CF6DC14}.Release|iPhone.Build.0 = Release|Any CPU
		{599EA3A5-AFC8-4913-A64A-EEE33CF6DC14}.Release|iPhone.Deploy.0 = Release|Any CPU
		{599EA3A5-AFC8-4913-A64A-EEE33CF6DC14}.Release|iPhoneSimulator.ActiveCfg = Release|Any CPU
		{599EA3A5-AFC8-4913-A64A-EEE33CF6DC14}.Release|iPhoneSimulator.Build.0 = Release|Any CPU
		{599EA3A5-AFC8-4913-A64A-EEE33CF6DC14}.Release|iPhoneSimulator.Deploy.0 = Release|Any CPU
		{599EA3A5-AFC8-4913-A64A-EEE33CF6DC14}.Release|x64.ActiveCfg = Release|x64
		{599EA3A5-AFC8-4913-A64A-EEE33CF6DC14}.Release|x64.Build.0 = Release|x64
		{599EA3A5-AFC8-4913-A64A-EEE33CF6DC14}.Release|x64.Deploy.0 = Release|x64
		{599EA3A5-AFC8-4913-A64A-EEE33CF6DC14}.Release|x86.ActiveCfg = Release|x86
		{599EA3A5-AFC8-4913-A64A-EEE33CF6DC14}.Release|x86.Build.0 = Release|x86
		{599EA3A5-AFC8-4913-A64A-EEE33CF6DC14}.Release|x86.Deploy.0 = Release|x86
		{260A9293-8A09-43B9-860C-2CB6FF31A586}.Ad-Hoc|Any CPU.ActiveCfg = Release|Any CPU
		{260A9293-8A09-43B9-860C-2CB6FF31A586}.Ad-Hoc|Any CPU.Build.0 = Release|Any CPU
		{260A9293-8A09-43B9-860C-2CB6FF31A586}.Ad-Hoc|ARM.ActiveCfg = Release|Any CPU
		{260A9293-8A09-43B9-860C-2CB6FF31A586}.Ad-Hoc|ARM.Build.0 = Release|Any CPU
		{260A9293-8A09-43B9-860C-2CB6FF31A586}.Ad-Hoc|iPhone.ActiveCfg = Release|Any CPU
		{260A9293-8A09-43B9-860C-2CB6FF31A586}.Ad-Hoc|iPhone.Build.0 = Release|Any CPU
		{260A9293-8A09-43B9-860C-2CB6FF31A586}.Ad-Hoc|iPhoneSimulator.ActiveCfg = Release|Any CPU
		{260A9293-8A09-43B9-860C-2CB6FF31A586}.Ad-Hoc|iPhoneSimulator.Build.0 = Release|Any CPU
		{260A9293-8A09-43B9-860C-2CB6FF31A586}.Ad-Hoc|x64.ActiveCfg = Release|Any CPU
		{260A9293-8A09-43B9-860C-2CB6FF31A586}.Ad-Hoc|x64.Build.0 = Release|Any CPU
		{260A9293-8A09-43B9-860C-2CB6FF31A586}.Ad-Hoc|x86.ActiveCfg = Release|Any CPU
		{260A9293-8A09-43B9-860C-2CB6FF31A586}.Ad-Hoc|x86.Build.0 = Release|Any CPU
		{260A9293-8A09-43B9-860C-2CB6FF31A586}.AppStore|Any CPU.ActiveCfg = Release|Any CPU
		{260A9293-8A09-43B9-860C-2CB6FF31A586}.AppStore|Any CPU.Build.0 = Release|Any CPU
		{260A9293-8A09-43B9-860C-2CB6FF31A586}.AppStore|ARM.ActiveCfg = Release|Any CPU
		{260A9293-8A09-43B9-860C-2CB6FF31A586}.AppStore|ARM.Build.0 = Release|Any CPU
		{260A9293-8A09-43B9-860C-2CB6FF31A586}.AppStore|iPhone.ActiveCfg = Release|Any CPU
		{260A9293-8A09-43B9-860C-2CB6FF31A586}.AppStore|iPhone.Build.0 = Release|Any CPU
		{260A9293-8A09-43B9-860C-2CB6FF31A586}.AppStore|iPhoneSimulator.ActiveCfg = Release|Any CPU
		{260A9293-8A09-43B9-860C-2CB6FF31A586}.AppStore|iPhoneSimulator.Build.0 = Release|Any CPU
		{260A9293-8A09-43B9-860C-2CB6FF31A586}.AppStore|x64.ActiveCfg = Release|Any CPU
		{260A9293-8A09-43B9-860C-2CB6FF31A586}.AppStore|x64.Build.0 = Release|Any CPU
		{260A9293-8A09-43B9-860C-2CB6FF31A586}.AppStore|x86.ActiveCfg = Release|Any CPU
		{260A9293-8A09-43B9-860C-2CB6FF31A586}.AppStore|x86.Build.0 = Release|Any CPU
		{260A9293-8A09-43B9-860C-2CB6FF31A586}.Debug|Any CPU.ActiveCfg = Debug|Any CPU
		{260A9293-8A09-43B9-860C-2CB6FF31A586}.Debug|Any CPU.Build.0 = Debug|Any CPU
		{260A9293-8A09-43B9-860C-2CB6FF31A586}.Debug|ARM.ActiveCfg = Debug|Any CPU
		{260A9293-8A09-43B9-860C-2CB6FF31A586}.Debug|ARM.Build.0 = Debug|Any CPU
		{260A9293-8A09-43B9-860C-2CB6FF31A586}.Debug|iPhone.ActiveCfg = Debug|Any CPU
		{260A9293-8A09-43B9-860C-2CB6FF31A586}.Debug|iPhone.Build.0 = Debug|Any CPU
		{260A9293-8A09-43B9-860C-2CB6FF31A586}.Debug|iPhoneSimulator.ActiveCfg = Debug|Any CPU
		{260A9293-8A09-43B9-860C-2CB6FF31A586}.Debug|iPhoneSimulator.Build.0 = Debug|Any CPU
		{260A9293-8A09-43B9-860C-2CB6FF31A586}.Debug|x64.ActiveCfg = Debug|Any CPU
		{260A9293-8A09-43B9-860C-2CB6FF31A586}.Debug|x64.Build.0 = Debug|Any CPU
		{260A9293-8A09-43B9-860C-2CB6FF31A586}.Debug|x86.ActiveCfg = Debug|Any CPU
		{260A9293-8A09-43B9-860C-2CB6FF31A586}.Debug|x86.Build.0 = Debug|Any CPU
		{260A9293-8A09-43B9-860C-2CB6FF31A586}.Release|Any CPU.ActiveCfg = Release|Any CPU
		{260A9293-8A09-43B9-860C-2CB6FF31A586}.Release|Any CPU.Build.0 = Release|Any CPU
		{260A9293-8A09-43B9-860C-2CB6FF31A586}.Release|ARM.ActiveCfg = Release|Any CPU
		{260A9293-8A09-43B9-860C-2CB6FF31A586}.Release|ARM.Build.0 = Release|Any CPU
		{260A9293-8A09-43B9-860C-2CB6FF31A586}.Release|iPhone.ActiveCfg = Release|Any CPU
		{260A9293-8A09-43B9-860C-2CB6FF31A586}.Release|iPhone.Build.0 = Release|Any CPU
		{260A9293-8A09-43B9-860C-2CB6FF31A586}.Release|iPhoneSimulator.ActiveCfg = Release|Any CPU
		{260A9293-8A09-43B9-860C-2CB6FF31A586}.Release|iPhoneSimulator.Build.0 = Release|Any CPU
		{260A9293-8A09-43B9-860C-2CB6FF31A586}.Release|x64.ActiveCfg = Release|Any CPU
		{260A9293-8A09-43B9-860C-2CB6FF31A586}.Release|x64.Build.0 = Release|Any CPU
		{260A9293-8A09-43B9-860C-2CB6FF31A586}.Release|x86.ActiveCfg = Release|Any CPU
		{260A9293-8A09-43B9-860C-2CB6FF31A586}.Release|x86.Build.0 = Release|Any CPU
		{25B1E950-D0FA-4998-A3C8-9148985368FC}.Ad-Hoc|Any CPU.ActiveCfg = Release|Any CPU
		{25B1E950-D0FA-4998-A3C8-9148985368FC}.Ad-Hoc|Any CPU.Build.0 = Release|Any CPU
		{25B1E950-D0FA-4998-A3C8-9148985368FC}.Ad-Hoc|ARM.ActiveCfg = Release|Any CPU
		{25B1E950-D0FA-4998-A3C8-9148985368FC}.Ad-Hoc|ARM.Build.0 = Release|Any CPU
		{25B1E950-D0FA-4998-A3C8-9148985368FC}.Ad-Hoc|iPhone.ActiveCfg = Release|Any CPU
		{25B1E950-D0FA-4998-A3C8-9148985368FC}.Ad-Hoc|iPhone.Build.0 = Release|Any CPU
		{25B1E950-D0FA-4998-A3C8-9148985368FC}.Ad-Hoc|iPhoneSimulator.ActiveCfg = Release|Any CPU
		{25B1E950-D0FA-4998-A3C8-9148985368FC}.Ad-Hoc|iPhoneSimulator.Build.0 = Release|Any CPU
		{25B1E950-D0FA-4998-A3C8-9148985368FC}.Ad-Hoc|x64.ActiveCfg = Release|Any CPU
		{25B1E950-D0FA-4998-A3C8-9148985368FC}.Ad-Hoc|x64.Build.0 = Release|Any CPU
		{25B1E950-D0FA-4998-A3C8-9148985368FC}.Ad-Hoc|x86.ActiveCfg = Release|Any CPU
		{25B1E950-D0FA-4998-A3C8-9148985368FC}.Ad-Hoc|x86.Build.0 = Release|Any CPU
		{25B1E950-D0FA-4998-A3C8-9148985368FC}.AppStore|Any CPU.ActiveCfg = Release|Any CPU
		{25B1E950-D0FA-4998-A3C8-9148985368FC}.AppStore|Any CPU.Build.0 = Release|Any CPU
		{25B1E950-D0FA-4998-A3C8-9148985368FC}.AppStore|ARM.ActiveCfg = Release|Any CPU
		{25B1E950-D0FA-4998-A3C8-9148985368FC}.AppStore|ARM.Build.0 = Release|Any CPU
		{25B1E950-D0FA-4998-A3C8-9148985368FC}.AppStore|iPhone.ActiveCfg = Release|Any CPU
		{25B1E950-D0FA-4998-A3C8-9148985368FC}.AppStore|iPhone.Build.0 = Release|Any CPU
		{25B1E950-D0FA-4998-A3C8-9148985368FC}.AppStore|iPhoneSimulator.ActiveCfg = Release|Any CPU
		{25B1E950-D0FA-4998-A3C8-9148985368FC}.AppStore|iPhoneSimulator.Build.0 = Release|Any CPU
		{25B1E950-D0FA-4998-A3C8-9148985368FC}.AppStore|x64.ActiveCfg = Release|Any CPU
		{25B1E950-D0FA-4998-A3C8-9148985368FC}.AppStore|x64.Build.0 = Release|Any CPU
		{25B1E950-D0FA-4998-A3C8-9148985368FC}.AppStore|x86.ActiveCfg = Release|Any CPU
		{25B1E950-D0FA-4998-A3C8-9148985368FC}.AppStore|x86.Build.0 = Release|Any CPU
		{25B1E950-D0FA-4998-A3C8-9148985368FC}.Debug|Any CPU.ActiveCfg = Debug|Any CPU
		{25B1E950-D0FA-4998-A3C8-9148985368FC}.Debug|Any CPU.Build.0 = Debug|Any CPU
		{25B1E950-D0FA-4998-A3C8-9148985368FC}.Debug|ARM.ActiveCfg = Debug|Any CPU
		{25B1E950-D0FA-4998-A3C8-9148985368FC}.Debug|ARM.Build.0 = Debug|Any CPU
		{25B1E950-D0FA-4998-A3C8-9148985368FC}.Debug|iPhone.ActiveCfg = Debug|Any CPU
		{25B1E950-D0FA-4998-A3C8-9148985368FC}.Debug|iPhone.Build.0 = Debug|Any CPU
		{25B1E950-D0FA-4998-A3C8-9148985368FC}.Debug|iPhoneSimulator.ActiveCfg = Debug|Any CPU
		{25B1E950-D0FA-4998-A3C8-9148985368FC}.Debug|iPhoneSimulator.Build.0 = Debug|Any CPU
		{25B1E950-D0FA-4998-A3C8-9148985368FC}.Debug|x64.ActiveCfg = Debug|Any CPU
		{25B1E950-D0FA-4998-A3C8-9148985368FC}.Debug|x64.Build.0 = Debug|Any CPU
		{25B1E950-D0FA-4998-A3C8-9148985368FC}.Debug|x86.ActiveCfg = Debug|Any CPU
		{25B1E950-D0FA-4998-A3C8-9148985368FC}.Debug|x86.Build.0 = Debug|Any CPU
		{25B1E950-D0FA-4998-A3C8-9148985368FC}.Release|Any CPU.ActiveCfg = Release|Any CPU
		{25B1E950-D0FA-4998-A3C8-9148985368FC}.Release|Any CPU.Build.0 = Release|Any CPU
		{25B1E950-D0FA-4998-A3C8-9148985368FC}.Release|ARM.ActiveCfg = Release|Any CPU
		{25B1E950-D0FA-4998-A3C8-9148985368FC}.Release|ARM.Build.0 = Release|Any CPU
		{25B1E950-D0FA-4998-A3C8-9148985368FC}.Release|iPhone.ActiveCfg = Release|Any CPU
		{25B1E950-D0FA-4998-A3C8-9148985368FC}.Release|iPhone.Build.0 = Release|Any CPU
		{25B1E950-D0FA-4998-A3C8-9148985368FC}.Release|iPhoneSimulator.ActiveCfg = Release|Any CPU
		{25B1E950-D0FA-4998-A3C8-9148985368FC}.Release|iPhoneSimulator.Build.0 = Release|Any CPU
		{25B1E950-D0FA-4998-A3C8-9148985368FC}.Release|x64.ActiveCfg = Release|Any CPU
		{25B1E950-D0FA-4998-A3C8-9148985368FC}.Release|x64.Build.0 = Release|Any CPU
		{25B1E950-D0FA-4998-A3C8-9148985368FC}.Release|x86.ActiveCfg = Release|Any CPU
		{25B1E950-D0FA-4998-A3C8-9148985368FC}.Release|x86.Build.0 = Release|Any CPU
		{D7DFBC73-27DA-4FC3-ACB0-F623112D307A}.Ad-Hoc|Any CPU.ActiveCfg = Release|Any CPU
		{D7DFBC73-27DA-4FC3-ACB0-F623112D307A}.Ad-Hoc|Any CPU.Build.0 = Release|Any CPU
		{D7DFBC73-27DA-4FC3-ACB0-F623112D307A}.Ad-Hoc|ARM.ActiveCfg = Release|Any CPU
		{D7DFBC73-27DA-4FC3-ACB0-F623112D307A}.Ad-Hoc|ARM.Build.0 = Release|Any CPU
		{D7DFBC73-27DA-4FC3-ACB0-F623112D307A}.Ad-Hoc|iPhone.ActiveCfg = Release|Any CPU
		{D7DFBC73-27DA-4FC3-ACB0-F623112D307A}.Ad-Hoc|iPhone.Build.0 = Release|Any CPU
		{D7DFBC73-27DA-4FC3-ACB0-F623112D307A}.Ad-Hoc|iPhoneSimulator.ActiveCfg = Release|Any CPU
		{D7DFBC73-27DA-4FC3-ACB0-F623112D307A}.Ad-Hoc|iPhoneSimulator.Build.0 = Release|Any CPU
		{D7DFBC73-27DA-4FC3-ACB0-F623112D307A}.Ad-Hoc|x64.ActiveCfg = Release|Any CPU
		{D7DFBC73-27DA-4FC3-ACB0-F623112D307A}.Ad-Hoc|x64.Build.0 = Release|Any CPU
		{D7DFBC73-27DA-4FC3-ACB0-F623112D307A}.Ad-Hoc|x86.ActiveCfg = Release|Any CPU
		{D7DFBC73-27DA-4FC3-ACB0-F623112D307A}.Ad-Hoc|x86.Build.0 = Release|Any CPU
		{D7DFBC73-27DA-4FC3-ACB0-F623112D307A}.AppStore|Any CPU.ActiveCfg = Release|Any CPU
		{D7DFBC73-27DA-4FC3-ACB0-F623112D307A}.AppStore|Any CPU.Build.0 = Release|Any CPU
		{D7DFBC73-27DA-4FC3-ACB0-F623112D307A}.AppStore|ARM.ActiveCfg = Release|Any CPU
		{D7DFBC73-27DA-4FC3-ACB0-F623112D307A}.AppStore|ARM.Build.0 = Release|Any CPU
		{D7DFBC73-27DA-4FC3-ACB0-F623112D307A}.AppStore|iPhone.ActiveCfg = Release|Any CPU
		{D7DFBC73-27DA-4FC3-ACB0-F623112D307A}.AppStore|iPhone.Build.0 = Release|Any CPU
		{D7DFBC73-27DA-4FC3-ACB0-F623112D307A}.AppStore|iPhoneSimulator.ActiveCfg = Release|Any CPU
		{D7DFBC73-27DA-4FC3-ACB0-F623112D307A}.AppStore|iPhoneSimulator.Build.0 = Release|Any CPU
		{D7DFBC73-27DA-4FC3-ACB0-F623112D307A}.AppStore|x64.ActiveCfg = Release|Any CPU
		{D7DFBC73-27DA-4FC3-ACB0-F623112D307A}.AppStore|x64.Build.0 = Release|Any CPU
		{D7DFBC73-27DA-4FC3-ACB0-F623112D307A}.AppStore|x86.ActiveCfg = Release|Any CPU
		{D7DFBC73-27DA-4FC3-ACB0-F623112D307A}.AppStore|x86.Build.0 = Release|Any CPU
		{D7DFBC73-27DA-4FC3-ACB0-F623112D307A}.Debug|Any CPU.ActiveCfg = Debug|Any CPU
		{D7DFBC73-27DA-4FC3-ACB0-F623112D307A}.Debug|Any CPU.Build.0 = Debug|Any CPU
		{D7DFBC73-27DA-4FC3-ACB0-F623112D307A}.Debug|ARM.ActiveCfg = Debug|Any CPU
		{D7DFBC73-27DA-4FC3-ACB0-F623112D307A}.Debug|ARM.Build.0 = Debug|Any CPU
		{D7DFBC73-27DA-4FC3-ACB0-F623112D307A}.Debug|iPhone.ActiveCfg = Debug|Any CPU
		{D7DFBC73-27DA-4FC3-ACB0-F623112D307A}.Debug|iPhone.Build.0 = Debug|Any CPU
		{D7DFBC73-27DA-4FC3-ACB0-F623112D307A}.Debug|iPhoneSimulator.ActiveCfg = Debug|Any CPU
		{D7DFBC73-27DA-4FC3-ACB0-F623112D307A}.Debug|iPhoneSimulator.Build.0 = Debug|Any CPU
		{D7DFBC73-27DA-4FC3-ACB0-F623112D307A}.Debug|x64.ActiveCfg = Debug|Any CPU
		{D7DFBC73-27DA-4FC3-ACB0-F623112D307A}.Debug|x64.Build.0 = Debug|Any CPU
		{D7DFBC73-27DA-4FC3-ACB0-F623112D307A}.Debug|x86.ActiveCfg = Debug|Any CPU
		{D7DFBC73-27DA-4FC3-ACB0-F623112D307A}.Debug|x86.Build.0 = Debug|Any CPU
		{D7DFBC73-27DA-4FC3-ACB0-F623112D307A}.Release|Any CPU.ActiveCfg = Release|Any CPU
		{D7DFBC73-27DA-4FC3-ACB0-F623112D307A}.Release|Any CPU.Build.0 = Release|Any CPU
		{D7DFBC73-27DA-4FC3-ACB0-F623112D307A}.Release|ARM.ActiveCfg = Release|Any CPU
		{D7DFBC73-27DA-4FC3-ACB0-F623112D307A}.Release|ARM.Build.0 = Release|Any CPU
		{D7DFBC73-27DA-4FC3-ACB0-F623112D307A}.Release|iPhone.ActiveCfg = Release|Any CPU
		{D7DFBC73-27DA-4FC3-ACB0-F623112D307A}.Release|iPhone.Build.0 = Release|Any CPU
		{D7DFBC73-27DA-4FC3-ACB0-F623112D307A}.Release|iPhoneSimulator.ActiveCfg = Release|Any CPU
		{D7DFBC73-27DA-4FC3-ACB0-F623112D307A}.Release|iPhoneSimulator.Build.0 = Release|Any CPU
		{D7DFBC73-27DA-4FC3-ACB0-F623112D307A}.Release|x64.ActiveCfg = Release|Any CPU
		{D7DFBC73-27DA-4FC3-ACB0-F623112D307A}.Release|x64.Build.0 = Release|Any CPU
		{D7DFBC73-27DA-4FC3-ACB0-F623112D307A}.Release|x86.ActiveCfg = Release|Any CPU
		{D7DFBC73-27DA-4FC3-ACB0-F623112D307A}.Release|x86.Build.0 = Release|Any CPU
		{67F9D3A8-F71E-4428-913F-C37AE82CDB24}.Ad-Hoc|Any CPU.ActiveCfg = Release|Any CPU
		{67F9D3A8-F71E-4428-913F-C37AE82CDB24}.Ad-Hoc|Any CPU.Build.0 = Release|Any CPU
		{67F9D3A8-F71E-4428-913F-C37AE82CDB24}.Ad-Hoc|ARM.ActiveCfg = Release|Any CPU
		{67F9D3A8-F71E-4428-913F-C37AE82CDB24}.Ad-Hoc|ARM.Build.0 = Release|Any CPU
		{67F9D3A8-F71E-4428-913F-C37AE82CDB24}.Ad-Hoc|iPhone.ActiveCfg = Release|Any CPU
		{67F9D3A8-F71E-4428-913F-C37AE82CDB24}.Ad-Hoc|iPhone.Build.0 = Release|Any CPU
		{67F9D3A8-F71E-4428-913F-C37AE82CDB24}.Ad-Hoc|iPhoneSimulator.ActiveCfg = Release|Any CPU
		{67F9D3A8-F71E-4428-913F-C37AE82CDB24}.Ad-Hoc|iPhoneSimulator.Build.0 = Release|Any CPU
		{67F9D3A8-F71E-4428-913F-C37AE82CDB24}.Ad-Hoc|x64.ActiveCfg = Release|Any CPU
		{67F9D3A8-F71E-4428-913F-C37AE82CDB24}.Ad-Hoc|x64.Build.0 = Release|Any CPU
		{67F9D3A8-F71E-4428-913F-C37AE82CDB24}.Ad-Hoc|x86.ActiveCfg = Release|Any CPU
		{67F9D3A8-F71E-4428-913F-C37AE82CDB24}.Ad-Hoc|x86.Build.0 = Release|Any CPU
		{67F9D3A8-F71E-4428-913F-C37AE82CDB24}.AppStore|Any CPU.ActiveCfg = Release|Any CPU
		{67F9D3A8-F71E-4428-913F-C37AE82CDB24}.AppStore|Any CPU.Build.0 = Release|Any CPU
		{67F9D3A8-F71E-4428-913F-C37AE82CDB24}.AppStore|ARM.ActiveCfg = Release|Any CPU
		{67F9D3A8-F71E-4428-913F-C37AE82CDB24}.AppStore|ARM.Build.0 = Release|Any CPU
		{67F9D3A8-F71E-4428-913F-C37AE82CDB24}.AppStore|iPhone.ActiveCfg = Release|Any CPU
		{67F9D3A8-F71E-4428-913F-C37AE82CDB24}.AppStore|iPhone.Build.0 = Release|Any CPU
		{67F9D3A8-F71E-4428-913F-C37AE82CDB24}.AppStore|iPhoneSimulator.ActiveCfg = Release|Any CPU
		{67F9D3A8-F71E-4428-913F-C37AE82CDB24}.AppStore|iPhoneSimulator.Build.0 = Release|Any CPU
		{67F9D3A8-F71E-4428-913F-C37AE82CDB24}.AppStore|x64.ActiveCfg = Release|Any CPU
		{67F9D3A8-F71E-4428-913F-C37AE82CDB24}.AppStore|x64.Build.0 = Release|Any CPU
		{67F9D3A8-F71E-4428-913F-C37AE82CDB24}.AppStore|x86.ActiveCfg = Release|Any CPU
		{67F9D3A8-F71E-4428-913F-C37AE82CDB24}.AppStore|x86.Build.0 = Release|Any CPU
		{67F9D3A8-F71E-4428-913F-C37AE82CDB24}.Debug|Any CPU.ActiveCfg = Debug|Any CPU
		{67F9D3A8-F71E-4428-913F-C37AE82CDB24}.Debug|Any CPU.Build.0 = Debug|Any CPU
		{67F9D3A8-F71E-4428-913F-C37AE82CDB24}.Debug|ARM.ActiveCfg = Debug|Any CPU
		{67F9D3A8-F71E-4428-913F-C37AE82CDB24}.Debug|ARM.Build.0 = Debug|Any CPU
		{67F9D3A8-F71E-4428-913F-C37AE82CDB24}.Debug|iPhone.ActiveCfg = Debug|Any CPU
		{67F9D3A8-F71E-4428-913F-C37AE82CDB24}.Debug|iPhone.Build.0 = Debug|Any CPU
		{67F9D3A8-F71E-4428-913F-C37AE82CDB24}.Debug|iPhoneSimulator.ActiveCfg = Debug|Any CPU
		{67F9D3A8-F71E-4428-913F-C37AE82CDB24}.Debug|iPhoneSimulator.Build.0 = Debug|Any CPU
		{67F9D3A8-F71E-4428-913F-C37AE82CDB24}.Debug|x64.ActiveCfg = Debug|Any CPU
		{67F9D3A8-F71E-4428-913F-C37AE82CDB24}.Debug|x64.Build.0 = Debug|Any CPU
		{67F9D3A8-F71E-4428-913F-C37AE82CDB24}.Debug|x86.ActiveCfg = Debug|Any CPU
		{67F9D3A8-F71E-4428-913F-C37AE82CDB24}.Debug|x86.Build.0 = Debug|Any CPU
		{67F9D3A8-F71E-4428-913F-C37AE82CDB24}.Release|Any CPU.ActiveCfg = Release|Any CPU
		{67F9D3A8-F71E-4428-913F-C37AE82CDB24}.Release|Any CPU.Build.0 = Release|Any CPU
		{67F9D3A8-F71E-4428-913F-C37AE82CDB24}.Release|ARM.ActiveCfg = Release|Any CPU
		{67F9D3A8-F71E-4428-913F-C37AE82CDB24}.Release|ARM.Build.0 = Release|Any CPU
		{67F9D3A8-F71E-4428-913F-C37AE82CDB24}.Release|iPhone.ActiveCfg = Release|Any CPU
		{67F9D3A8-F71E-4428-913F-C37AE82CDB24}.Release|iPhone.Build.0 = Release|Any CPU
		{67F9D3A8-F71E-4428-913F-C37AE82CDB24}.Release|iPhoneSimulator.ActiveCfg = Release|Any CPU
		{67F9D3A8-F71E-4428-913F-C37AE82CDB24}.Release|iPhoneSimulator.Build.0 = Release|Any CPU
		{67F9D3A8-F71E-4428-913F-C37AE82CDB24}.Release|x64.ActiveCfg = Release|Any CPU
		{67F9D3A8-F71E-4428-913F-C37AE82CDB24}.Release|x64.Build.0 = Release|Any CPU
		{67F9D3A8-F71E-4428-913F-C37AE82CDB24}.Release|x86.ActiveCfg = Release|Any CPU
		{67F9D3A8-F71E-4428-913F-C37AE82CDB24}.Release|x86.Build.0 = Release|Any CPU
	EndGlobalSection
	GlobalSection(SolutionProperties) = preSolution
		HideSolutionNode = FALSE
	EndGlobalSection
EndGlobal
